PODS:
  - BTNavigationDropdownMenu (0.5)
  - Eureka (5.0.0)
  - ObjcExceptionBridging (1.0.1):
    - ObjcExceptionBridging/ObjcExceptionBridging (= 1.0.1)
  - ObjcExceptionBridging/ObjcExceptionBridging (1.0.1)
  - ReactiveDataDisplayManager (3.2.0)
  - SurfUtils/KeyboardPresentable (6.0.1)
  - SwiftGen (6.1.0)
  - SwiftLint (0.31.0)
  - SwiftMessages (6.0.2):
    - SwiftMessages/App (= 6.0.2)
  - SwiftMessages/App (6.0.2)
  - XCGLogger (6.1.0):
    - XCGLogger/Core (= 6.1.0)
  - XCGLogger/Core (6.1.0):
    - ObjcExceptionBridging

DEPENDENCIES:
  - BTNavigationDropdownMenu
  - Eureka
  - ReactiveDataDisplayManager (from `https://github.com/surfstudio/ReactiveDataDisplayManager`, commit `32080e06c38ee3a077898388d73dc21a5a29cc28`)
  - SurfUtils/KeyboardPresentable (from `https://github.com/surfstudio/iOS-Utils.git`)
  - SwiftGen
  - SwiftLint
  - SwiftMessages
  - XCGLogger

SPEC REPOS:
  https://github.com/cocoapods/specs.git:
    - BTNavigationDropdownMenu
    - Eureka
    - ObjcExceptionBridging
    - SwiftGen
    - SwiftLint
    - SwiftMessages
    - XCGLogger

EXTERNAL SOURCES:
  ReactiveDataDisplayManager:
    :commit: 32080e06c38ee3a077898388d73dc21a5a29cc28
    :git: https://github.com/surfstudio/ReactiveDataDisplayManager
  SurfUtils:
    :git: https://github.com/surfstudio/iOS-Utils.git

CHECKOUT OPTIONS:
  ReactiveDataDisplayManager:
    :commit: 32080e06c38ee3a077898388d73dc21a5a29cc28
    :git: https://github.com/surfstudio/ReactiveDataDisplayManager
  SurfUtils:
    :commit: 6b9ccc2625325eb9480900788a94476532e86289
    :git: https://github.com/surfstudio/iOS-Utils.git

SPEC CHECKSUMS:
  BTNavigationDropdownMenu: ba3a26fdb6a56c4721c31df8a0875106c259663a
  Eureka: 0f64f477ec8ef6201c6fec143d60ff5c201cf654
  ObjcExceptionBridging: c30e00eb3700467e695faeea30e26e18bd445001
  ReactiveDataDisplayManager: d3cd1d9b470a9fa0a955c823dc344340b794b5f8
  SurfUtils: 67b27c4f1491ca50bdbc8214cc89f120d91b1482
  SwiftGen: f872ca75cbd17bf7103c17f13dcfa0d9a15667b0
  SwiftLint: 7a0227733d786395817373b2d0ca799fd0093ff3
  SwiftMessages: 8b3cc68dba2f1c91aac1a74c90b10287aac35371
  XCGLogger: 7f7f43f15dfe3a305fa1342b7dc29af656289abd

PODFILE CHECKSUM: c0f37af070879035423087d3c957c1b08f9cb41d

COCOAPODS: 1.6.1
